{
  "name": "create-react-ts-shadkit",
  "version": "1.0.4",
  "lockfileVersion": 3,
  "requires": true,
  "packages": {
    "": {
      "name": "create-react-ts-shadkit",
      "version": "1.0.4",
      "license": "MIT",
      "dependencies": {
        "create-react-ts-shadkit": "^1.0.4"
      },
      "bin": {
        "create-react-ts-shadkit": "bin/index.js"
      }
    },
    "node_modules/create-react-ts-shadkit": {
      "version": "1.0.4",
      "resolved": "https://registry.npmjs.org/create-react-ts-shadkit/-/create-react-ts-shadkit-1.0.4.tgz",
      "integrity": "sha512-Kw+fRBQ7d4NM02Wn27l8vgpFUCKNEr2r6g5P0G0Ysmlnh8XHKMa9Dh12pe0eCaqeFIj1E/ognMVrakNS5LY+Vw==",
      "bin": {
        "create-react-ts-shadkit": "bin/index.js"
      }
    }
  }
}
